
Microsoft Visual Studio Solution File, Format Version 12.00
# Visual Studio 2013
VisualStudioVersion = 12.0.31101.0
MinimumVisualStudioVersion = 10.0.40219.1
Project("{FAE04EC0-301F-11D3-BF4B-00C04F79EFBC}") = "Lab5", "Lab5\Lab5.csproj", "{19843D09-DB9C-40A9-8A88-D879599C4730}"
EndProject
Global
	GlobalSection(SolutionConfigurationPlatforms) = preSolution
		Debug|Any CPU = Debug|Any CPU
		Release|Any CPU = Release|Any CPU
	EndGlobalSection
	GlobalSection(ProjectConfigurationPlatforms) = postSolution
		{19843D09-DB9C-40A9-8A88-D879599C4730}.Debug|Any CPU.ActiveCfg = Debug|Any CPU
		{19843D09-DB9C-40A9-8A88-D879599C4730}.Debug|Any CPU.Build.0 = Debug|Any CPU
		{19843D09-DB9C-40A9-8A88-D879599C4730}.Release|Any CPU.ActiveCfg = Release|Any CPU
		{19843D09-DB9C-40A9-8A88-D879599C4730}.Release|Any CPU.Build.0 = Release|Any CPU
	EndGlobalSection
	GlobalSection(SolutionProperties) = preSolution
		HideSolutionNode = FALSE
	EndGlobalSection
EndGlobal
